// !$*UTF8*$!
{
	archiveVersion = 1;
	classes = {
	};
	objectVersion = 55;
	objects = {

/* Begin PBXBuildFile section */
		08435BAD288BB9050055C8AF /* MyTownDB.swift in Sources */ = {isa = PBXBuildFile; fileRef = 08435BAC288BB9050055C8AF /* MyTownDB.swift */; };
		08435BB52892CE6B0055C8AF /* MainViewController.swift in Sources */ = {isa = PBXBuildFile; fileRef = 08435BB32892CE6B0055C8AF /* MainViewController.swift */; };
		08435BB62892CE6B0055C8AF /* MainViewController.xib in Resources */ = {isa = PBXBuildFile; fileRef = 08435BB42892CE6B0055C8AF /* MainViewController.xib */; };
		08435BB92892CE7C0055C8AF /* ChatViewController.swift in Sources */ = {isa = PBXBuildFile; fileRef = 08435BB72892CE7C0055C8AF /* ChatViewController.swift */; };
		08435BBA2892CE7C0055C8AF /* ChatViewController.xib in Resources */ = {isa = PBXBuildFile; fileRef = 08435BB82892CE7C0055C8AF /* ChatViewController.xib */; };
		08435BBD2892CE940055C8AF /* AroundViewController.swift in Sources */ = {isa = PBXBuildFile; fileRef = 08435BBB2892CE940055C8AF /* AroundViewController.swift */; };
		08435BBE2892CE940055C8AF /* AroundViewController.xib in Resources */ = {isa = PBXBuildFile; fileRef = 08435BBC2892CE940055C8AF /* AroundViewController.xib */; };
		08435BC12892CEA10055C8AF /* LifeViewController.swift in Sources */ = {isa = PBXBuildFile; fileRef = 08435BBF2892CEA10055C8AF /* LifeViewController.swift */; };
		08435BC22892CEA10055C8AF /* LifeViewController.xib in Resources */ = {isa = PBXBuildFile; fileRef = 08435BC02892CEA10055C8AF /* LifeViewController.xib */; };
		08435BC52892CEAD0055C8AF /* MyPageViewController.swift in Sources */ = {isa = PBXBuildFile; fileRef = 08435BC32892CEAD0055C8AF /* MyPageViewController.swift */; };
		08435BC62892CEAD0055C8AF /* MyPageViewController.xib in Resources */ = {isa = PBXBuildFile; fileRef = 08435BC42892CEAD0055C8AF /* MyPageViewController.xib */; };
		08887F262883E53600F87400 /* PopupViewController.swift in Sources */ = {isa = PBXBuildFile; fileRef = 08887F242883E53600F87400 /* PopupViewController.swift */; };
		08887F272883E53600F87400 /* PopupViewController.xib in Resources */ = {isa = PBXBuildFile; fileRef = 08887F252883E53600F87400 /* PopupViewController.xib */; };
		08887F2A2883F49700F87400 /* JoinViewController.swift in Sources */ = {isa = PBXBuildFile; fileRef = 08887F292883F49700F87400 /* JoinViewController.swift */; };
		08887F2F2884375E00F87400 /* TextField+Search.swift in Sources */ = {isa = PBXBuildFile; fileRef = 08887F2E2884375E00F87400 /* TextField+Search.swift */; };
		08A2DADF2886E3B00043CE01 /* TextField+General.swift in Sources */ = {isa = PBXBuildFile; fileRef = 08A2DADE2886E3B00043CE01 /* TextField+General.swift */; };
		08A2DAE12886E6440043CE01 /* String+Extension.swift in Sources */ = {isa = PBXBuildFile; fileRef = 08A2DAE02886E6440043CE01 /* String+Extension.swift */; };
		08CD644C28884CF600A150B7 /* RootTabViewController.swift in Sources */ = {isa = PBXBuildFile; fileRef = 08CD644A28884CF600A150B7 /* RootTabViewController.swift */; };
		08CD644D28884CF600A150B7 /* RootTabViewController.xib in Resources */ = {isa = PBXBuildFile; fileRef = 08CD644B28884CF600A150B7 /* RootTabViewController.xib */; };
		08CD644F28884D4C00A150B7 /* DataManager.swift in Sources */ = {isa = PBXBuildFile; fileRef = 08CD644E28884D4C00A150B7 /* DataManager.swift */; };
		9337DF41287DA2CC0056B388 /* Button+General.swift in Sources */ = {isa = PBXBuildFile; fileRef = 9337DF40287DA2CC0056B388 /* Button+General.swift */; };
		936291BB287DBB170019E181 /* MyTownViewController.swift in Sources */ = {isa = PBXBuildFile; fileRef = 936291BA287DBB170019E181 /* MyTownViewController.swift */; };
		938D5FAA2871CDB4004FC877 /* AppDelegate.swift in Sources */ = {isa = PBXBuildFile; fileRef = 938D5FA92871CDB4004FC877 /* AppDelegate.swift */; };
		938D5FAE2871CDB4004FC877 /* ViewController.swift in Sources */ = {isa = PBXBuildFile; fileRef = 938D5FAD2871CDB4004FC877 /* ViewController.swift */; };
		938D5FB12871CDB4004FC877 /* Main.storyboard in Resources */ = {isa = PBXBuildFile; fileRef = 938D5FAF2871CDB4004FC877 /* Main.storyboard */; };
		938D5FB32871CDB6004FC877 /* Assets.xcassets in Resources */ = {isa = PBXBuildFile; fileRef = 938D5FB22871CDB6004FC877 /* Assets.xcassets */; };
		938D5FB62871CDB6004FC877 /* LaunchScreen.storyboard in Resources */ = {isa = PBXBuildFile; fileRef = 938D5FB42871CDB6004FC877 /* LaunchScreen.storyboard */; };
		93A7A26928803C1000F6F162 /* MyTownTableViewCell.swift in Sources */ = {isa = PBXBuildFile; fileRef = 93A7A26728803C1000F6F162 /* MyTownTableViewCell.swift */; };
		93A7A26A28803C1000F6F162 /* MyTownTableViewCell.xib in Resources */ = {isa = PBXBuildFile; fileRef = 93A7A26828803C1000F6F162 /* MyTownTableViewCell.xib */; };
		93A7A26C2880403F00F6F162 /* Delegate.swift in Sources */ = {isa = PBXBuildFile; fileRef = 93A7A26B2880403F00F6F162 /* Delegate.swift */; };
		93B5C960287D9C7D009F5EA4 /* SplashViewController.swift in Sources */ = {isa = PBXBuildFile; fileRef = 93B5C95F287D9C7D009F5EA4 /* SplashViewController.swift */; };
		93C4F228287DB88D00E0725A /* PlaceIntroViewController.swift in Sources */ = {isa = PBXBuildFile; fileRef = 93C4F227287DB88D00E0725A /* PlaceIntroViewController.swift */; };
		C3E91B56031FE0FEE90ED901 /* Pods_DaangnCloneCoding.framework in Frameworks */ = {isa = PBXBuildFile; fileRef = BD8D0A4D13C6605CE0421D20 /* Pods_DaangnCloneCoding.framework */; };
/* End PBXBuildFile section */

/* Begin PBXFileReference section */
		08435BAC288BB9050055C8AF /* MyTownDB.swift */ = {isa = PBXFileReference; lastKnownFileType = sourcecode.swift; path = MyTownDB.swift; sourceTree = "<group>"; };
		08435BB32892CE6B0055C8AF /* MainViewController.swift */ = {isa = PBXFileReference; lastKnownFileType = sourcecode.swift; path = MainViewController.swift; sourceTree = "<group>"; };
		08435BB42892CE6B0055C8AF /* MainViewController.xib */ = {isa = PBXFileReference; lastKnownFileType = file.xib; path = MainViewController.xib; sourceTree = "<group>"; };
		08435BB72892CE7C0055C8AF /* ChatViewController.swift */ = {isa = PBXFileReference; lastKnownFileType = sourcecode.swift; path = ChatViewController.swift; sourceTree = "<group>"; };
		08435BB82892CE7C0055C8AF /* ChatViewController.xib */ = {isa = PBXFileReference; lastKnownFileType = file.xib; path = ChatViewController.xib; sourceTree = "<group>"; };
		08435BBB2892CE940055C8AF /* AroundViewController.swift */ = {isa = PBXFileReference; lastKnownFileType = sourcecode.swift; path = AroundViewController.swift; sourceTree = "<group>"; };
		08435BBC2892CE940055C8AF /* AroundViewController.xib */ = {isa = PBXFileReference; lastKnownFileType = file.xib; path = AroundViewController.xib; sourceTree = "<group>"; };
		08435BBF2892CEA10055C8AF /* LifeViewController.swift */ = {isa = PBXFileReference; lastKnownFileType = sourcecode.swift; path = LifeViewController.swift; sourceTree = "<group>"; };
		08435BC02892CEA10055C8AF /* LifeViewController.xib */ = {isa = PBXFileReference; lastKnownFileType = file.xib; path = LifeViewController.xib; sourceTree = "<group>"; };
		08435BC32892CEAD0055C8AF /* MyPageViewController.swift */ = {isa = PBXFileReference; lastKnownFileType = sourcecode.swift; path = MyPageViewController.swift; sourceTree = "<group>"; };
		08435BC42892CEAD0055C8AF /* MyPageViewController.xib */ = {isa = PBXFileReference; lastKnownFileType = file.xib; path = MyPageViewController.xib; sourceTree = "<group>"; };
		08887F242883E53600F87400 /* PopupViewController.swift */ = {isa = PBXFileReference; lastKnownFileType = sourcecode.swift; path = PopupViewController.swift; sourceTree = "<group>"; };
		08887F252883E53600F87400 /* PopupViewController.xib */ = {isa = PBXFileReference; lastKnownFileType = file.xib; path = PopupViewController.xib; sourceTree = "<group>"; };
		08887F292883F49700F87400 /* JoinViewController.swift */ = {isa = PBXFileReference; lastKnownFileType = sourcecode.swift; path = JoinViewController.swift; sourceTree = "<group>"; };
		08887F2E2884375E00F87400 /* TextField+Search.swift */ = {isa = PBXFileReference; lastKnownFileType = sourcecode.swift; path = "TextField+Search.swift"; sourceTree = "<group>"; };
		08A2DADE2886E3B00043CE01 /* TextField+General.swift */ = {isa = PBXFileReference; lastKnownFileType = sourcecode.swift; path = "TextField+General.swift"; sourceTree = "<group>"; };
		08A2DAE02886E6440043CE01 /* String+Extension.swift */ = {isa = PBXFileReference; lastKnownFileType = sourcecode.swift; path = "String+Extension.swift"; sourceTree = "<group>"; };
		08CD644A28884CF600A150B7 /* RootTabViewController.swift */ = {isa = PBXFileReference; lastKnownFileType = sourcecode.swift; path = RootTabViewController.swift; sourceTree = "<group>"; };
		08CD644B28884CF600A150B7 /* RootTabViewController.xib */ = {isa = PBXFileReference; lastKnownFileType = file.xib; path = RootTabViewController.xib; sourceTree = "<group>"; };
		08CD644E28884D4C00A150B7 /* DataManager.swift */ = {isa = PBXFileReference; lastKnownFileType = sourcecode.swift; path = DataManager.swift; sourceTree = "<group>"; };
		1D535CDED6264599E3DCBCB9 /* Pods-DaangnCloneCoding.debug.xcconfig */ = {isa = PBXFileReference; includeInIndex = 1; lastKnownFileType = text.xcconfig; name = "Pods-DaangnCloneCoding.debug.xcconfig"; path = "Target Support Files/Pods-DaangnCloneCoding/Pods-DaangnCloneCoding.debug.xcconfig"; sourceTree = "<group>"; };
		5695783D8B7FE016BC2B55F9 /* Pods-DaangnCloneCoding.release.xcconfig */ = {isa = PBXFileReference; includeInIndex = 1; lastKnownFileType = text.xcconfig; name = "Pods-DaangnCloneCoding.release.xcconfig"; path = "Target Support Files/Pods-DaangnCloneCoding/Pods-DaangnCloneCoding.release.xcconfig"; sourceTree = "<group>"; };
		9337DF40287DA2CC0056B388 /* Button+General.swift */ = {isa = PBXFileReference; lastKnownFileType = sourcecode.swift; path = "Button+General.swift"; sourceTree = "<group>"; };
		936291BA287DBB170019E181 /* MyTownViewController.swift */ = {isa = PBXFileReference; lastKnownFileType = sourcecode.swift; path = MyTownViewController.swift; sourceTree = "<group>"; };
		938D5FA62871CDB4004FC877 /* DaangnCloneCoding.app */ = {isa = PBXFileReference; explicitFileType = wrapper.application; includeInIndex = 0; path = DaangnCloneCoding.app; sourceTree = BUILT_PRODUCTS_DIR; };
		938D5FA92871CDB4004FC877 /* AppDelegate.swift */ = {isa = PBXFileReference; lastKnownFileType = sourcecode.swift; path = AppDelegate.swift; sourceTree = "<group>"; };
		938D5FAD2871CDB4004FC877 /* ViewController.swift */ = {isa = PBXFileReference; lastKnownFileType = sourcecode.swift; path = ViewController.swift; sourceTree = "<group>"; };
		938D5FB02871CDB4004FC877 /* Base */ = {isa = PBXFileReference; lastKnownFileType = file.storyboard; name = Base; path = Base.lproj/Main.storyboard; sourceTree = "<group>"; };
		938D5FB22871CDB6004FC877 /* Assets.xcassets */ = {isa = PBXFileReference; lastKnownFileType = folder.assetcatalog; path = Assets.xcassets; sourceTree = "<group>"; };
		938D5FB52871CDB6004FC877 /* Base */ = {isa = PBXFileReference; lastKnownFileType = file.storyboard; name = Base; path = Base.lproj/LaunchScreen.storyboard; sourceTree = "<group>"; };
		938D5FB72871CDB6004FC877 /* Info.plist */ = {isa = PBXFileReference; lastKnownFileType = text.plist.xml; path = Info.plist; sourceTree = "<group>"; };
		93A7A26728803C1000F6F162 /* MyTownTableViewCell.swift */ = {isa = PBXFileReference; lastKnownFileType = sourcecode.swift; path = MyTownTableViewCell.swift; sourceTree = "<group>"; };
		93A7A26828803C1000F6F162 /* MyTownTableViewCell.xib */ = {isa = PBXFileReference; lastKnownFileType = file.xib; path = MyTownTableViewCell.xib; sourceTree = "<group>"; };
		93A7A26B2880403F00F6F162 /* Delegate.swift */ = {isa = PBXFileReference; lastKnownFileType = sourcecode.swift; path = Delegate.swift; sourceTree = "<group>"; };
		93B5C95F287D9C7D009F5EA4 /* SplashViewController.swift */ = {isa = PBXFileReference; lastKnownFileType = sourcecode.swift; path = SplashViewController.swift; sourceTree = "<group>"; };
		93C4F227287DB88D00E0725A /* PlaceIntroViewController.swift */ = {isa = PBXFileReference; lastKnownFileType = sourcecode.swift; path = PlaceIntroViewController.swift; sourceTree = "<group>"; };
		BD8D0A4D13C6605CE0421D20 /* Pods_DaangnCloneCoding.framework */ = {isa = PBXFileReference; explicitFileType = wrapper.framework; includeInIndex = 0; path = Pods_DaangnCloneCoding.framework; sourceTree = BUILT_PRODUCTS_DIR; };
/* End PBXFileReference section */

/* Begin PBXFrameworksBuildPhase section */
		938D5FA32871CDB4004FC877 /* Frameworks */ = {
			isa = PBXFrameworksBuildPhase;
			buildActionMask = 2147483647;
			files = (
				C3E91B56031FE0FEE90ED901 /* Pods_DaangnCloneCoding.framework in Frameworks */,
			);
			runOnlyForDeploymentPostprocessing = 0;
		};
/* End PBXFrameworksBuildPhase section */

/* Begin PBXGroup section */
		08435BAE2892CDD30055C8AF /* 홈-메인 */ = {
			isa = PBXGroup;
			children = (
				08435BB32892CE6B0055C8AF /* MainViewController.swift */,
				08435BB42892CE6B0055C8AF /* MainViewController.xib */,
			);
			name = "홈-메인";
			sourceTree = "<group>";
		};
		08435BAF2892CDFE0055C8AF /* 홈-동네생활 */ = {
			isa = PBXGroup;
			children = (
				08435BBF2892CEA10055C8AF /* LifeViewController.swift */,
				08435BC02892CEA10055C8AF /* LifeViewController.xib */,
			);
			name = "홈-동네생활";
			sourceTree = "<group>";
		};
		08435BB02892CE0C0055C8AF /* 홈-내 근처 */ = {
			isa = PBXGroup;
			children = (
				08435BBB2892CE940055C8AF /* AroundViewController.swift */,
				08435BBC2892CE940055C8AF /* AroundViewController.xib */,
			);
			name = "홈-내 근처";
			sourceTree = "<group>";
		};
		08435BB12892CE150055C8AF /* 홈-채팅 */ = {
			isa = PBXGroup;
			children = (
				08435BB72892CE7C0055C8AF /* ChatViewController.swift */,
				08435BB82892CE7C0055C8AF /* ChatViewController.xib */,
			);
			name = "홈-채팅";
			sourceTree = "<group>";
		};
		08435BB22892CE1E0055C8AF /* 홈-나의당근 */ = {
			isa = PBXGroup;
			children = (
				08435BC32892CEAD0055C8AF /* MyPageViewController.swift */,
				08435BC42892CEAD0055C8AF /* MyPageViewController.xib */,
			);
			name = "홈-나의당근";
			sourceTree = "<group>";
		};
		08887F2B2883FD2500F87400 /* Model */ = {
			isa = PBXGroup;
			children = (
				08435BAC288BB9050055C8AF /* MyTownDB.swift */,
			);
			path = Model;
			sourceTree = "<group>";
		};
		08CD644528884C8000A150B7 /* 홈 */ = {
			isa = PBXGroup;
			children = (
				08CD644A28884CF600A150B7 /* RootTabViewController.swift */,
				08CD644B28884CF600A150B7 /* RootTabViewController.xib */,
			);
			name = "홈";
			sourceTree = "<group>";
		};
		760E370BF33F93E6BDDCE40D /* Frameworks */ = {
			isa = PBXGroup;
			children = (
				BD8D0A4D13C6605CE0421D20 /* Pods_DaangnCloneCoding.framework */,
			);
			name = Frameworks;
			sourceTree = "<group>";
		};
		7A889215F15419ACEC0C60C3 /* Pods */ = {
			isa = PBXGroup;
			children = (
				1D535CDED6264599E3DCBCB9 /* Pods-DaangnCloneCoding.debug.xcconfig */,
				5695783D8B7FE016BC2B55F9 /* Pods-DaangnCloneCoding.release.xcconfig */,
			);
			path = Pods;
			sourceTree = "<group>";
		};
		938D5F9D2871CDB4004FC877 = {
			isa = PBXGroup;
			children = (
				938D5FA82871CDB4004FC877 /* DaangnCloneCoding */,
				938D5FA72871CDB4004FC877 /* Products */,
				7A889215F15419ACEC0C60C3 /* Pods */,
				760E370BF33F93E6BDDCE40D /* Frameworks */,
			);
			sourceTree = "<group>";
		};
		938D5FA72871CDB4004FC877 /* Products */ = {
			isa = PBXGroup;
			children = (
				938D5FA62871CDB4004FC877 /* DaangnCloneCoding.app */,
			);
			name = Products;
			sourceTree = "<group>";
		};
		938D5FA82871CDB4004FC877 /* DaangnCloneCoding */ = {
			isa = PBXGroup;
			children = (
				08887F2B2883FD2500F87400 /* Model */,
				93B5C959287D9C08009F5EA4 /* Util */,
				93B5C95A287D9C13009F5EA4 /* View */,
				938D5FA92871CDB4004FC877 /* AppDelegate.swift */,
				938D5FAD2871CDB4004FC877 /* ViewController.swift */,
				938D5FAF2871CDB4004FC877 /* Main.storyboard */,
				938D5FB22871CDB6004FC877 /* Assets.xcassets */,
				938D5FB42871CDB6004FC877 /* LaunchScreen.storyboard */,
				938D5FB72871CDB6004FC877 /* Info.plist */,
			);
			path = DaangnCloneCoding;
			sourceTree = "<group>";
		};
		93B5C959287D9C08009F5EA4 /* Util */ = {
			isa = PBXGroup;
			children = (
				93A7A26B2880403F00F6F162 /* Delegate.swift */,
				08A2DAE02886E6440043CE01 /* String+Extension.swift */,
				08CD644E28884D4C00A150B7 /* DataManager.swift */,
			);
			path = Util;
			sourceTree = "<group>";
		};
		93B5C95A287D9C13009F5EA4 /* View */ = {
			isa = PBXGroup;
			children = (
				93B5C95B287D9C2D009F5EA4 /* _common */,
				93B5C95C287D9C48009F5EA4 /* 시작-인트로 */,
				08CD644528884C8000A150B7 /* 홈 */,
				08435BAE2892CDD30055C8AF /* 홈-메인 */,
				08435BB12892CE150055C8AF /* 홈-채팅 */,
				08435BB02892CE0C0055C8AF /* 홈-내 근처 */,
				08435BAF2892CDFE0055C8AF /* 홈-동네생활 */,
				08435BB22892CE1E0055C8AF /* 홈-나의당근 */,
			);
			path = View;
			sourceTree = "<group>";
		};
		93B5C95B287D9C2D009F5EA4 /* _common */ = {
			isa = PBXGroup;
			children = (
				9337DF40287DA2CC0056B388 /* Button+General.swift */,
				08887F2E2884375E00F87400 /* TextField+Search.swift */,
				08A2DADE2886E3B00043CE01 /* TextField+General.swift */,
				08887F242883E53600F87400 /* PopupViewController.swift */,
				08887F252883E53600F87400 /* PopupViewController.xib */,
			);
			path = _common;
			sourceTree = "<group>";
		};
		93B5C95C287D9C48009F5EA4 /* 시작-인트로 */ = {
			isa = PBXGroup;
			children = (
				93B5C95F287D9C7D009F5EA4 /* SplashViewController.swift */,
				93C4F227287DB88D00E0725A /* PlaceIntroViewController.swift */,
				936291BA287DBB170019E181 /* MyTownViewController.swift */,
				93A7A26728803C1000F6F162 /* MyTownTableViewCell.swift */,
				93A7A26828803C1000F6F162 /* MyTownTableViewCell.xib */,
				08887F292883F49700F87400 /* JoinViewController.swift */,
			);
			name = "시작-인트로";
			sourceTree = "<group>";
		};
/* End PBXGroup section */

/* Begin PBXNativeTarget section */
		938D5FA52871CDB4004FC877 /* DaangnCloneCoding */ = {
			isa = PBXNativeTarget;
			buildConfigurationList = 938D5FBA2871CDB6004FC877 /* Build configuration list for PBXNativeTarget "DaangnCloneCoding" */;
			buildPhases = (
				BA8AB8667FAA17CBB5F6BBB0 /* [CP] Check Pods Manifest.lock */,
				938D5FA22871CDB4004FC877 /* Sources */,
				938D5FA32871CDB4004FC877 /* Frameworks */,
				938D5FA42871CDB4004FC877 /* Resources */,
				3CBBC63140BF3270A819624A /* [CP] Embed Pods Frameworks */,
			);
			buildRules = (
			);
			dependencies = (
			);
			name = DaangnCloneCoding;
			productName = DaangnCloneCoding;
			productReference = 938D5FA62871CDB4004FC877 /* DaangnCloneCoding.app */;
			productType = "com.apple.product-type.application";
		};
/* End PBXNativeTarget section */

/* Begin PBXProject section */
		938D5F9E2871CDB4004FC877 /* Project object */ = {
			isa = PBXProject;
			attributes = {
				BuildIndependentTargetsInParallel = 1;
				LastSwiftUpdateCheck = 1340;
				LastUpgradeCheck = 1340;
				TargetAttributes = {
					938D5FA52871CDB4004FC877 = {
						CreatedOnToolsVersion = 13.4.1;
					};
				};
			};
			buildConfigurationList = 938D5FA12871CDB4004FC877 /* Build configuration list for PBXProject "DaangnCloneCoding" */;
			compatibilityVersion = "Xcode 13.0";
			developmentRegion = en;
			hasScannedForEncodings = 0;
			knownRegions = (
				en,
				Base,
			);
			mainGroup = 938D5F9D2871CDB4004FC877;
			productRefGroup = 938D5FA72871CDB4004FC877 /* Products */;
			projectDirPath = "";
			projectRoot = "";
			targets = (
				938D5FA52871CDB4004FC877 /* DaangnCloneCoding */,
			);
		};
/* End PBXProject section */

/* Begin PBXResourcesBuildPhase section */
		938D5FA42871CDB4004FC877 /* Resources */ = {
			isa = PBXResourcesBuildPhase;
			buildActionMask = 2147483647;
			files = (
				938D5FB62871CDB6004FC877 /* LaunchScreen.storyboard in Resources */,
				08435BBE2892CE940055C8AF /* AroundViewController.xib in Resources */,
				93A7A26A28803C1000F6F162 /* MyTownTableViewCell.xib in Resources */,
				08887F272883E53600F87400 /* PopupViewController.xib in Resources */,
				938D5FB32871CDB6004FC877 /* Assets.xcassets in Resources */,
				08CD644D28884CF600A150B7 /* RootTabViewController.xib in Resources */,
				08435BB62892CE6B0055C8AF /* MainViewController.xib in Resources */,
				08435BBA2892CE7C0055C8AF /* ChatViewController.xib in Resources */,
				08435BC22892CEA10055C8AF /* LifeViewController.xib in Resources */,
				938D5FB12871CDB4004FC877 /* Main.storyboard in Resources */,
				08435BC62892CEAD0055C8AF /* MyPageViewController.xib in Resources */,
			);
			runOnlyForDeploymentPostprocessing = 0;
		};
/* End PBXResourcesBuildPhase section */

/* Begin PBXShellScriptBuildPhase section */
		3CBBC63140BF3270A819624A /* [CP] Embed Pods Frameworks */ = {
			isa = PBXShellScriptBuildPhase;
			buildActionMask = 2147483647;
			files = (
			);
			inputFileListPaths = (
				"${PODS_ROOT}/Target Support Files/Pods-DaangnCloneCoding/Pods-DaangnCloneCoding-frameworks-${CONFIGURATION}-input-files.xcfilelist",
			);
			name = "[CP] Embed Pods Frameworks";
			outputFileListPaths = (
				"${PODS_ROOT}/Target Support Files/Pods-DaangnCloneCoding/Pods-DaangnCloneCoding-frameworks-${CONFIGURATION}-output-files.xcfilelist",
			);
			runOnlyForDeploymentPostprocessing = 0;
			shellPath = /bin/sh;
			shellScript = "\"${PODS_ROOT}/Target Support Files/Pods-DaangnCloneCoding/Pods-DaangnCloneCoding-frameworks.sh\"\n";
			showEnvVarsInLog = 0;
		};
		BA8AB8667FAA17CBB5F6BBB0 /* [CP] Check Pods Manifest.lock */ = {
			isa = PBXShellScriptBuildPhase;
			buildActionMask = 2147483647;
			files = (
			);
			inputFileListPaths = (
			);
			inputPaths = (
				"${PODS_PODFILE_DIR_PATH}/Podfile.lock",
				"${PODS_ROOT}/Manifest.lock",
			);
			name = "[CP] Check Pods Manifest.lock";
			outputFileListPaths = (
			);
			outputPaths = (
				"$(DERIVED_FILE_DIR)/Pods-DaangnCloneCoding-checkManifestLockResult.txt",
			);
			runOnlyForDeploymentPostprocessing = 0;
			shellPath = /bin/sh;
			shellScript = "diff \"${PODS_PODFILE_DIR_PATH}/Podfile.lock\" \"${PODS_ROOT}/Manifest.lock\" > /dev/null\nif [ $? != 0 ] ; then\n    # print error to STDERR\n    echo \"error: The sandbox is not in sync with the Podfile.lock. Run 'pod install' or update your CocoaPods installation.\" >&2\n    exit 1\nfi\n# This output is used by Xcode 'outputs' to avoid re-running this script phase.\necho \"SUCCESS\" > \"${SCRIPT_OUTPUT_FILE_0}\"\n";
			showEnvVarsInLog = 0;
		};
/* End PBXShellScriptBuildPhase section */

/* Begin PBXSourcesBuildPhase section */
		938D5FA22871CDB4004FC877 /* Sources */ = {
			isa = PBXSourcesBuildPhase;
			buildActionMask = 2147483647;
			files = (
				93B5C960287D9C7D009F5EA4 /* SplashViewController.swift in Sources */,
				08CD644F28884D4C00A150B7 /* DataManager.swift in Sources */,
				9337DF41287DA2CC0056B388 /* Button+General.swift in Sources */,
				08887F2A2883F49700F87400 /* JoinViewController.swift in Sources */,
				936291BB287DBB170019E181 /* MyTownViewController.swift in Sources */,
				93A7A26C2880403F00F6F162 /* Delegate.swift in Sources */,
				938D5FAE2871CDB4004FC877 /* ViewController.swift in Sources */,
				08435BB52892CE6B0055C8AF /* MainViewController.swift in Sources */,
				08435BBD2892CE940055C8AF /* AroundViewController.swift in Sources */,
				08887F262883E53600F87400 /* PopupViewController.swift in Sources */,
				08435BC12892CEA10055C8AF /* LifeViewController.swift in Sources */,
				08A2DAE12886E6440043CE01 /* String+Extension.swift in Sources */,
				08435BAD288BB9050055C8AF /* MyTownDB.swift in Sources */,
				08CD644C28884CF600A150B7 /* RootTabViewController.swift in Sources */,
				938D5FAA2871CDB4004FC877 /* AppDelegate.swift in Sources */,
				93A7A26928803C1000F6F162 /* MyTownTableViewCell.swift in Sources */,
				08435BC52892CEAD0055C8AF /* MyPageViewController.swift in Sources */,
				93C4F228287DB88D00E0725A /* PlaceIntroViewController.swift in Sources */,
				08887F2F2884375E00F87400 /* TextField+Search.swift in Sources */,
				08435BB92892CE7C0055C8AF /* ChatViewController.swift in Sources */,
				08A2DADF2886E3B00043CE01 /* TextField+General.swift in Sources */,
			);
			runOnlyForDeploymentPostprocessing = 0;
		};
/* End PBXSourcesBuildPhase section */

/* Begin PBXVariantGroup section */
		938D5FAF2871CDB4004FC877 /* Main.storyboard */ = {
			isa = PBXVariantGroup;
			children = (
				938D5FB02871CDB4004FC877 /* Base */,
			);
			name = Main.storyboard;
			sourceTree = "<group>";
		};
		938D5FB42871CDB6004FC877 /* LaunchScreen.storyboard */ = {
			isa = PBXVariantGroup;
			children = (
				938D5FB52871CDB6004FC877 /* Base */,
			);
			name = LaunchScreen.storyboard;
			sourceTree = "<group>";
		};
/* End PBXVariantGroup section */

/* Begin XCBuildConfiguration section */
		938D5FB82871CDB6004FC877 /* Debug */ = {
			isa = XCBuildConfiguration;
			buildSettings = {
				ALWAYS_SEARCH_USER_PATHS = NO;
				CLANG_ANALYZER_NONNULL = YES;
				CLANG_ANALYZER_NUMBER_OBJECT_CONVERSION = YES_AGGRESSIVE;
				CLANG_CXX_LANGUAGE_STANDARD = "gnu++17";
				CLANG_ENABLE_MODULES = YES;
				CLANG_ENABLE_OBJC_ARC = YES;
				CLANG_ENABLE_OBJC_WEAK = YES;
				CLANG_WARN_BLOCK_CAPTURE_AUTORELEASING = YES;
				CLANG_WARN_BOOL_CONVERSION = YES;
				CLANG_WARN_COMMA = YES;
				CLANG_WARN_CONSTANT_CONVERSION = YES;
				CLANG_WARN_DEPRECATED_OBJC_IMPLEMENTATIONS = YES;
				CLANG_WARN_DIRECT_OBJC_ISA_USAGE = YES_ERROR;
				CLANG_WARN_DOCUMENTATION_COMMENTS = YES;
				CLANG_WARN_EMPTY_BODY = YES;
				CLANG_WARN_ENUM_CONVERSION = YES;
				CLANG_WARN_INFINITE_RECURSION = YES;
				CLANG_WARN_INT_CONVERSION = YES;
				CLANG_WARN_NON_LITERAL_NULL_CONVERSION = YES;
				CLANG_WARN_OBJC_IMPLICIT_RETAIN_SELF = YES;
				CLANG_WARN_OBJC_LITERAL_CONVERSION = YES;
				CLANG_WARN_OBJC_ROOT_CLASS = YES_ERROR;
				CLANG_WARN_QUOTED_INCLUDE_IN_FRAMEWORK_HEADER = YES;
				CLANG_WARN_RANGE_LOOP_ANALYSIS = YES;
				CLANG_WARN_STRICT_PROTOTYPES = YES;
				CLANG_WARN_SUSPICIOUS_MOVE = YES;
				CLANG_WARN_UNGUARDED_AVAILABILITY = YES_AGGRESSIVE;
				CLANG_WARN_UNREACHABLE_CODE = YES;
				CLANG_WARN__DUPLICATE_METHOD_MATCH = YES;
				COPY_PHASE_STRIP = NO;
				DEBUG_INFORMATION_FORMAT = dwarf;
				ENABLE_STRICT_OBJC_MSGSEND = YES;
				ENABLE_TESTABILITY = YES;
				GCC_C_LANGUAGE_STANDARD = gnu11;
				GCC_DYNAMIC_NO_PIC = NO;
				GCC_NO_COMMON_BLOCKS = YES;
				GCC_OPTIMIZATION_LEVEL = 0;
				GCC_PREPROCESSOR_DEFINITIONS = (
					"DEBUG=1",
					"$(inherited)",
				);
				GCC_WARN_64_TO_32_BIT_CONVERSION = YES;
				GCC_WARN_ABOUT_RETURN_TYPE = YES_ERROR;
				GCC_WARN_UNDECLARED_SELECTOR = YES;
				GCC_WARN_UNINITIALIZED_AUTOS = YES_AGGRESSIVE;
				GCC_WARN_UNUSED_FUNCTION = YES;
				GCC_WARN_UNUSED_VARIABLE = YES;
				IPHONEOS_DEPLOYMENT_TARGET = 15.5;
				MTL_ENABLE_DEBUG_INFO = INCLUDE_SOURCE;
				MTL_FAST_MATH = YES;
				ONLY_ACTIVE_ARCH = YES;
				SDKROOT = iphoneos;
				SWIFT_ACTIVE_COMPILATION_CONDITIONS = DEBUG;
				SWIFT_OPTIMIZATION_LEVEL = "-Onone";
			};
			name = Debug;
		};
		938D5FB92871CDB6004FC877 /* Release */ = {
			isa = XCBuildConfiguration;
			buildSettings = {
				ALWAYS_SEARCH_USER_PATHS = NO;
				CLANG_ANALYZER_NONNULL = YES;
				CLANG_ANALYZER_NUMBER_OBJECT_CONVERSION = YES_AGGRESSIVE;
				CLANG_CXX_LANGUAGE_STANDARD = "gnu++17";
				CLANG_ENABLE_MODULES = YES;
				CLANG_ENABLE_OBJC_ARC = YES;
				CLANG_ENABLE_OBJC_WEAK = YES;
				CLANG_WARN_BLOCK_CAPTURE_AUTORELEASING = YES;
				CLANG_WARN_BOOL_CONVERSION = YES;
				CLANG_WARN_COMMA = YES;
				CLANG_WARN_CONSTANT_CONVERSION = YES;
				CLANG_WARN_DEPRECATED_OBJC_IMPLEMENTATIONS = YES;
				CLANG_WARN_DIRECT_OBJC_ISA_USAGE = YES_ERROR;
				CLANG_WARN_DOCUMENTATION_COMMENTS = YES;
				CLANG_WARN_EMPTY_BODY = YES;
				CLANG_WARN_ENUM_CONVERSION = YES;
				CLANG_WARN_INFINITE_RECURSION = YES;
				CLANG_WARN_INT_CONVERSION = YES;
				CLANG_WARN_NON_LITERAL_NULL_CONVERSION = YES;
				CLANG_WARN_OBJC_IMPLICIT_RETAIN_SELF = YES;
				CLANG_WARN_OBJC_LITERAL_CONVERSION = YES;
				CLANG_WARN_OBJC_ROOT_CLASS = YES_ERROR;
				CLANG_WARN_QUOTED_INCLUDE_IN_FRAMEWORK_HEADER = YES;
				CLANG_WARN_RANGE_LOOP_ANALYSIS = YES;
				CLANG_WARN_STRICT_PROTOTYPES = YES;
				CLANG_WARN_SUSPICIOUS_MOVE = YES;
				CLANG_WARN_UNGUARDED_AVAILABILITY = YES_AGGRESSIVE;
				CLANG_WARN_UNREACHABLE_CODE = YES;
				CLANG_WARN__DUPLICATE_METHOD_MATCH = YES;
				COPY_PHASE_STRIP = NO;
				DEBUG_INFORMATION_FORMAT = "dwarf-with-dsym";
				ENABLE_NS_ASSERTIONS = NO;
				ENABLE_STRICT_OBJC_MSGSEND = YES;
				GCC_C_LANGUAGE_STANDARD = gnu11;
				GCC_NO_COMMON_BLOCKS = YES;
				GCC_WARN_64_TO_32_BIT_CONVERSION = YES;
				GCC_WARN_ABOUT_RETURN_TYPE = YES_ERROR;
				GCC_WARN_UNDECLARED_SELECTOR = YES;
				GCC_WARN_UNINITIALIZED_AUTOS = YES_AGGRESSIVE;
				GCC_WARN_UNUSED_FUNCTION = YES;
				GCC_WARN_UNUSED_VARIABLE = YES;
				IPHONEOS_DEPLOYMENT_TARGET = 15.5;
				MTL_ENABLE_DEBUG_INFO = NO;
				MTL_FAST_MATH = YES;
				SDKROOT = iphoneos;
				SWIFT_COMPILATION_MODE = wholemodule;
				SWIFT_OPTIMIZATION_LEVEL = "-O";
				VALIDATE_PRODUCT = YES;
			};
			name = Release;
		};
		938D5FBB2871CDB6004FC877 /* Debug */ = {
			isa = XCBuildConfiguration;
			baseConfigurationReference = 1D535CDED6264599E3DCBCB9 /* Pods-DaangnCloneCoding.debug.xcconfig */;
			buildSettings = {
				ASSETCATALOG_COMPILER_APPICON_NAME = AppIcon;
				ASSETCATALOG_COMPILER_GLOBAL_ACCENT_COLOR_NAME = AccentColor;
				CODE_SIGN_STYLE = Automatic;
				CURRENT_PROJECT_VERSION = 1;
				DEVELOPMENT_TEAM = W4V6WYCP8W;
				GENERATE_INFOPLIST_FILE = YES;
				INFOPLIST_FILE = DaangnCloneCoding/Info.plist;
				INFOPLIST_KEY_UIApplicationSupportsIndirectInputEvents = YES;
				INFOPLIST_KEY_UILaunchStoryboardName = LaunchScreen;
				INFOPLIST_KEY_UIMainStoryboardFile = Main;
				INFOPLIST_KEY_UISupportedInterfaceOrientations_iPad = "UIInterfaceOrientationPortrait UIInterfaceOrientationPortraitUpsideDown UIInterfaceOrientationLandscapeLeft UIInterfaceOrientationLandscapeRight";
				INFOPLIST_KEY_UISupportedInterfaceOrientations_iPhone = "UIInterfaceOrientationPortrait UIInterfaceOrientationLandscapeLeft UIInterfaceOrientationLandscapeRight";
				IPHONEOS_DEPLOYMENT_TARGET = 11.0;
				LD_RUNPATH_SEARCH_PATHS = (
					"$(inherited)",
					"@executable_path/Frameworks",
				);
				MARKETING_VERSION = 1.0;
				PRODUCT_BUNDLE_IDENTIFIER = com.junlight.DaangnCloneCoding;
				PRODUCT_NAME = "$(TARGET_NAME)";
				SWIFT_EMIT_LOC_STRINGS = YES;
				SWIFT_VERSION = 5.0;
				TARGETED_DEVICE_FAMILY = "1,2";
			};
			name = Debug;
		};
		938D5FBC2871CDB6004FC877 /* Release */ = {
			isa = XCBuildConfiguration;
			baseConfigurationReference = 5695783D8B7FE016BC2B55F9 /* Pods-DaangnCloneCoding.release.xcconfig */;
			buildSettings = {
				ASSETCATALOG_COMPILER_APPICON_NAME = AppIcon;
				ASSETCATALOG_COMPILER_GLOBAL_ACCENT_COLOR_NAME = AccentColor;
				CODE_SIGN_STYLE = Automatic;
				CURRENT_PROJECT_VERSION = 1;
				DEVELOPMENT_TEAM = W4V6WYCP8W;
				GENERATE_INFOPLIST_FILE = YES;
				INFOPLIST_FILE = DaangnCloneCoding/Info.plist;
				INFOPLIST_KEY_UIApplicationSupportsIndirectInputEvents = YES;
				INFOPLIST_KEY_UILaunchStoryboardName = LaunchScreen;
				INFOPLIST_KEY_UIMainStoryboardFile = Main;
				INFOPLIST_KEY_UISupportedInterfaceOrientations_iPad = "UIInterfaceOrientationPortrait UIInterfaceOrientationPortraitUpsideDown UIInterfaceOrientationLandscapeLeft UIInterfaceOrientationLandscapeRight";
				INFOPLIST_KEY_UISupportedInterfaceOrientations_iPhone = "UIInterfaceOrientationPortrait UIInterfaceOrientationLandscapeLeft UIInterfaceOrientationLandscapeRight";
				IPHONEOS_DEPLOYMENT_TARGET = 11.0;
				LD_RUNPATH_SEARCH_PATHS = (
					"$(inherited)",
					"@executable_path/Frameworks",
				);
				MARKETING_VERSION = 1.0;
				PRODUCT_BUNDLE_IDENTIFIER = com.junlight.DaangnCloneCoding;
				PRODUCT_NAME = "$(TARGET_NAME)";
				SWIFT_EMIT_LOC_STRINGS = YES;
				SWIFT_VERSION = 5.0;
				TARGETED_DEVICE_FAMILY = "1,2";
			};
			name = Release;
		};
/* End XCBuildConfiguration section */

/* Begin XCConfigurationList section */
		938D5FA12871CDB4004FC877 /* Build configuration list for PBXProject "DaangnCloneCoding" */ = {
			isa = XCConfigurationList;
			buildConfigurations = (
				938D5FB82871CDB6004FC877 /* Debug */,
				938D5FB92871CDB6004FC877 /* Release */,
			);
			defaultConfigurationIsVisible = 0;
			defaultConfigurationName = Release;
		};
		938D5FBA2871CDB6004FC877 /* Build configuration list for PBXNativeTarget "DaangnCloneCoding" */ = {
			isa = XCConfigurationList;
			buildConfigurations = (
				938D5FBB2871CDB6004FC877 /* Debug */,
				938D5FBC2871CDB6004FC877 /* Release */,
			);
			defaultConfigurationIsVisible = 0;
			defaultConfigurationName = Release;
		};
/* End XCConfigurationList section */
	};
	rootObject = 938D5F9E2871CDB4004FC877 /* Project object */;
}
